
Microsoft Visual Studio Solution File, Format Version 12.00
# Visual Studio Version 17
VisualStudioVersion = 17.4.33122.133
MinimumVisualStudioVersion = 10.0.40219.1
Project("{9A19103F-16F7-4668-BE54-9A1E7A4F7556}") = "GnomadAPITests", "GnomadAPITests.csproj", "{1E87D960-2000-4E19-B720-A892F6992400}"
EndProject
Global
	GlobalSection(SolutionConfigurationPlatforms) = preSolution
		Debug|Any CPU = Debug|Any CPU
		Release|Any CPU = Release|Any CPU
	EndGlobalSection
	GlobalSection(ProjectConfigurationPlatforms) = postSolution
		{1E87D960-2000-4E19-B720-A892F6992400}.Debug|Any CPU.ActiveCfg = Debug|Any CPU
		{1E87D960-2000-4E19-B720-A892F6992400}.Debug|Any CPU.Build.0 = Debug|Any CPU
		{1E87D960-2000-4E19-B720-A892F6992400}.Release|Any CPU.ActiveCfg = Release|Any CPU
		{1E87D960-2000-4E19-B720-A892F6992400}.Release|Any CPU.Build.0 = Release|Any CPU
	EndGlobalSection
	GlobalSection(SolutionProperties) = preSolution
		HideSolutionNode = FALSE
	EndGlobalSection
	GlobalSection(ExtensibilityGlobals) = postSolution
		SolutionGuid = {7C6414B5-E226-48B5-8BC7-DE94775F25FB}
	EndGlobalSection
EndGlobal
